
Microsoft Visual Studio Solution File, Format Version 10.00
# Visual C# Express 2008
Project("{FAE04EC0-301F-11D3-BF4B-00C04F79EFBC}") = "CorvusM3", "CorvusM3.csproj", "{18526E89-9B12-4C8F-99CE-CE931CDDEFBD}"
EndProject
Global
	GlobalSection(SolutionConfigurationPlatforms) = preSolution
		Debug|Any CPU = Debug|Any CPU
		Release|Any CPU = Release|Any CPU
	EndGlobalSection
	GlobalSection(ProjectConfigurationPlatforms) = postSolution
		{18526E89-9B12-4C8F-99CE-CE931CDDEFBD}.Debug|Any CPU.ActiveCfg = Debug|Any CPU
		{18526E89-9B12-4C8F-99CE-CE931CDDEFBD}.Debug|Any CPU.Build.0 = Debug|Any CPU
		{18526E89-9B12-4C8F-99CE-CE931CDDEFBD}.Release|Any CPU.ActiveCfg = Release|Any CPU
		{18526E89-9B12-4C8F-99CE-CE931CDDEFBD}.Release|Any CPU.Build.0 = Release|Any CPU
	EndGlobalSection
	GlobalSection(SolutionProperties) = preSolution
		HideSolutionNode = FALSE
	EndGlobalSection
EndGlobal
