
Microsoft Visual Studio Solution File, Format Version 11.00
# Visual Studio 2010
Project("{FAE04EC0-301F-11D3-BF4B-00C04F79EFBC}") = "CorvusM3-Set", "CorvusM3-Set\CorvusM3-Set.csproj", "{E51B041C-112B-4CCE-8E8B-6959E7F4C63C}"
EndProject
Global
	GlobalSection(SolutionConfigurationPlatforms) = preSolution
		Debug|x86 = Debug|x86
		Release|x86 = Release|x86
	EndGlobalSection
	GlobalSection(ProjectConfigurationPlatforms) = postSolution
		{E51B041C-112B-4CCE-8E8B-6959E7F4C63C}.Debug|x86.ActiveCfg = Debug|x86
		{E51B041C-112B-4CCE-8E8B-6959E7F4C63C}.Debug|x86.Build.0 = Debug|x86
		{E51B041C-112B-4CCE-8E8B-6959E7F4C63C}.Release|x86.ActiveCfg = Release|x86
		{E51B041C-112B-4CCE-8E8B-6959E7F4C63C}.Release|x86.Build.0 = Release|x86
	EndGlobalSection
	GlobalSection(SolutionProperties) = preSolution
		HideSolutionNode = FALSE
	EndGlobalSection
EndGlobal
